// !$*UTF8*$!
{
	archiveVersion = 1;
	classes = {
	};
	objectVersion = 55;
	objects = {

/* Begin PBXBuildFile section */
		0DC4FB0A293C688B000DB91A /* getData.swift in Sources */ = {isa = PBXBuildFile; fileRef = 0DC4FB09293C688B000DB91A /* getData.swift */; };
		0DC4FB0C293C68A5000DB91A /* LoginView.swift in Sources */ = {isa = PBXBuildFile; fileRef = 0DC4FB0B293C68A5000DB91A /* LoginView.swift */; };
		0DD627CE2935BACF003EE316 /* FavoriteView.swift in Sources */ = {isa = PBXBuildFile; fileRef = 0DD627CD2935BACF003EE316 /* FavoriteView.swift */; };
		9AAE399A292257C9008BB23D /* SignUpView.swift in Sources */ = {isa = PBXBuildFile; fileRef = 9AAE3999292257C9008BB23D /* SignUpView.swift */; };
		A30DED152898F69C0003730D /* SearchBar.swift in Sources */ = {isa = PBXBuildFile; fileRef = A30DED142898F69C0003730D /* SearchBar.swift */; };
		A34E6F9B2898AFC10012463C /* LineThreeView.swift in Sources */ = {isa = PBXBuildFile; fileRef = A34E6F8F2898AFC10012463C /* LineThreeView.swift */; };
		A34E6F9C2898AFC10012463C /* LineEightView.swift in Sources */ = {isa = PBXBuildFile; fileRef = A34E6F902898AFC10012463C /* LineEightView.swift */; };
		A34E6F9D2898AFC10012463C /* LineOneView.swift in Sources */ = {isa = PBXBuildFile; fileRef = A34E6F912898AFC10012463C /* LineOneView.swift */; };
		A34E6F9E2898AFC10012463C /* LineView.swift in Sources */ = {isa = PBXBuildFile; fileRef = A34E6F922898AFC10012463C /* LineView.swift */; };
		A34E6F9F2898AFC10012463C /* LineSixView.swift in Sources */ = {isa = PBXBuildFile; fileRef = A34E6F932898AFC10012463C /* LineSixView.swift */; };
		A34E6FA02898AFC10012463C /* LineFourView.swift in Sources */ = {isa = PBXBuildFile; fileRef = A34E6F942898AFC10012463C /* LineFourView.swift */; };
		A34E6FA12898AFC10012463C /* Line.swift in Sources */ = {isa = PBXBuildFile; fileRef = A34E6F952898AFC10012463C /* Line.swift */; };
		A34E6FA22898AFC10012463C /* LineTwoView.swift in Sources */ = {isa = PBXBuildFile; fileRef = A34E6F962898AFC10012463C /* LineTwoView.swift */; };
		A34E6FA32898AFC10012463C /* LineSevenView.swift in Sources */ = {isa = PBXBuildFile; fileRef = A34E6F972898AFC10012463C /* LineSevenView.swift */; };
		A34E6FA62898AFC10012463C /* LineFiveView.swift in Sources */ = {isa = PBXBuildFile; fileRef = A34E6F9A2898AFC10012463C /* LineFiveView.swift */; };
		A355E7AA289A5F3600F7ED22 /* GoogleService-Info.plist in Resources */ = {isa = PBXBuildFile; fileRef = A355E7A9289A5F3600F7ED22 /* GoogleService-Info.plist */; };
		A37E532F2890FE5D00E27BAD /* Assets.xcassets in Resources */ = {isa = PBXBuildFile; fileRef = A37E532E2890FE5D00E27BAD /* Assets.xcassets */; };
		A37E53322890FE5D00E27BAD /* Preview Assets.xcassets in Resources */ = {isa = PBXBuildFile; fileRef = A37E53312890FE5D00E27BAD /* Preview Assets.xcassets */; };
		A37E5386289127BD00E27BAD /* res in Resources */ = {isa = PBXBuildFile; fileRef = A37E5385289127BD00E27BAD /* res */; };
		A39DCA2B2899094100974FBF /* i3_projectApp.swift in Sources */ = {isa = PBXBuildFile; fileRef = A39DCA2A2899094100974FBF /* i3_projectApp.swift */; };
		A39DCA2D2899095B00974FBF /* LineDetailView.swift in Sources */ = {isa = PBXBuildFile; fileRef = A39DCA2C2899095B00974FBF /* LineDetailView.swift */; };
/* End PBXBuildFile section */

/* Begin PBXFileReference section */
		0DC4FB09293C688B000DB91A /* getData.swift */ = {isa = PBXFileReference; fileEncoding = 4; lastKnownFileType = sourcecode.swift; name = getData.swift; path = ../../../../.Trash/i3_project/i3_project/getData.swift; sourceTree = "<group>"; };
		0DC4FB0B293C68A5000DB91A /* LoginView.swift */ = {isa = PBXFileReference; fileEncoding = 4; lastKnownFileType = sourcecode.swift; name = LoginView.swift; path = ../../../../.Trash/i3_project/i3_project/i3_project/LoginView.swift; sourceTree = "<group>"; };
		0DD627CD2935BACF003EE316 /* FavoriteView.swift */ = {isa = PBXFileReference; fileEncoding = 4; lastKnownFileType = sourcecode.swift; path = FavoriteView.swift; sourceTree = "<group>"; };
		0DD627CF2935E96F003EE316 /* Subway Boom.entitlements */ = {isa = PBXFileReference; lastKnownFileType = text.plist.entitlements; path = "Subway Boom.entitlements"; sourceTree = "<group>"; };
		9AAE3999292257C9008BB23D /* SignUpView.swift */ = {isa = PBXFileReference; lastKnownFileType = sourcecode.swift; path = SignUpView.swift; sourceTree = "<group>"; };
		A30DED142898F69C0003730D /* SearchBar.swift */ = {isa = PBXFileReference; lastKnownFileType = sourcecode.swift; name = SearchBar.swift; path = ../SearchBar.swift; sourceTree = "<group>"; };
		A34E6F8F2898AFC10012463C /* LineThreeView.swift */ = {isa = PBXFileReference; fileEncoding = 4; lastKnownFileType = sourcecode.swift; path = LineThreeView.swift; sourceTree = "<group>"; };
		A34E6F902898AFC10012463C /* LineEightView.swift */ = {isa = PBXFileReference; fileEncoding = 4; lastKnownFileType = sourcecode.swift; path = LineEightView.swift; sourceTree = "<group>"; };
		A34E6F912898AFC10012463C /* LineOneView.swift */ = {isa = PBXFileReference; fileEncoding = 4; lastKnownFileType = sourcecode.swift; path = LineOneView.swift; sourceTree = "<group>"; };
		A34E6F922898AFC10012463C /* LineView.swift */ = {isa = PBXFileReference; fileEncoding = 4; lastKnownFileType = sourcecode.swift; path = LineView.swift; sourceTree = "<group>"; };
		A34E6F932898AFC10012463C /* LineSixView.swift */ = {isa = PBXFileReference; fileEncoding = 4; lastKnownFileType = sourcecode.swift; path = LineSixView.swift; sourceTree = "<group>"; };
		A34E6F942898AFC10012463C /* LineFourView.swift */ = {isa = PBXFileReference; fileEncoding = 4; lastKnownFileType = sourcecode.swift; path = LineFourView.swift; sourceTree = "<group>"; };
		A34E6F952898AFC10012463C /* Line.swift */ = {isa = PBXFileReference; fileEncoding = 4; lastKnownFileType = sourcecode.swift; path = Line.swift; sourceTree = "<group>"; };
		A34E6F962898AFC10012463C /* LineTwoView.swift */ = {isa = PBXFileReference; fileEncoding = 4; lastKnownFileType = sourcecode.swift; path = LineTwoView.swift; sourceTree = "<group>"; };
		A34E6F972898AFC10012463C /* LineSevenView.swift */ = {isa = PBXFileReference; fileEncoding = 4; lastKnownFileType = sourcecode.swift; path = LineSevenView.swift; sourceTree = "<group>"; };
		A34E6F9A2898AFC10012463C /* LineFiveView.swift */ = {isa = PBXFileReference; fileEncoding = 4; lastKnownFileType = sourcecode.swift; path = LineFiveView.swift; sourceTree = "<group>"; };
		A355E7A9289A5F3600F7ED22 /* GoogleService-Info.plist */ = {isa = PBXFileReference; fileEncoding = 4; lastKnownFileType = text.plist.xml; path = "GoogleService-Info.plist"; sourceTree = "<group>"; };
		A37E53272890FE5C00E27BAD /* Subway Boom.app */ = {isa = PBXFileReference; explicitFileType = wrapper.application; includeInIndex = 0; path = "Subway Boom.app"; sourceTree = BUILT_PRODUCTS_DIR; };
		A37E532E2890FE5D00E27BAD /* Assets.xcassets */ = {isa = PBXFileReference; lastKnownFileType = folder.assetcatalog; path = Assets.xcassets; sourceTree = "<group>"; };
		A37E53312890FE5D00E27BAD /* Preview Assets.xcassets */ = {isa = PBXFileReference; lastKnownFileType = folder.assetcatalog; path = "Preview Assets.xcassets"; sourceTree = "<group>"; };
		A37E5385289127BD00E27BAD /* res */ = {isa = PBXFileReference; lastKnownFileType = folder; path = res; sourceTree = "<group>"; };
		A39DCA2A2899094100974FBF /* i3_projectApp.swift */ = {isa = PBXFileReference; lastKnownFileType = sourcecode.swift; path = i3_projectApp.swift; sourceTree = "<group>"; };
		A39DCA2C2899095B00974FBF /* LineDetailView.swift */ = {isa = PBXFileReference; lastKnownFileType = sourcecode.swift; path = LineDetailView.swift; sourceTree = "<group>"; };
/* End PBXFileReference section */

/* Begin PBXFrameworksBuildPhase section */
		A37E53242890FE5C00E27BAD /* Frameworks */ = {
			isa = PBXFrameworksBuildPhase;
			buildActionMask = 2147483647;
			files = (
			);
			runOnlyForDeploymentPostprocessing = 0;
		};
/* End PBXFrameworksBuildPhase section */

/* Begin PBXGroup section */
		A37E531E2890FE5C00E27BAD = {
			isa = PBXGroup;
			children = (
				0DD627CF2935E96F003EE316 /* Subway Boom.entitlements */,
				A37E53292890FE5C00E27BAD /* i3_project */,
				A37E53282890FE5C00E27BAD /* Products */,
			);
			sourceTree = "<group>";
		};
		A37E53282890FE5C00E27BAD /* Products */ = {
			isa = PBXGroup;
			children = (
				A37E53272890FE5C00E27BAD /* Subway Boom.app */,
			);
			name = Products;
			sourceTree = "<group>";
		};
		A37E53292890FE5C00E27BAD /* i3_project */ = {
			isa = PBXGroup;
			children = (
				0DC4FB0B293C68A5000DB91A /* LoginView.swift */,
				0DC4FB09293C688B000DB91A /* getData.swift */,
				A355E7A9289A5F3600F7ED22 /* GoogleService-Info.plist */,
				A30DED142898F69C0003730D /* SearchBar.swift */,
				0DD627CD2935BACF003EE316 /* FavoriteView.swift */,
				A39DCA2A2899094100974FBF /* i3_projectApp.swift */,
				A34E6F952898AFC10012463C /* Line.swift */,
				A34E6F912898AFC10012463C /* LineOneView.swift */,
				A34E6F962898AFC10012463C /* LineTwoView.swift */,
				A34E6F8F2898AFC10012463C /* LineThreeView.swift */,
				A34E6F942898AFC10012463C /* LineFourView.swift */,
				A34E6F9A2898AFC10012463C /* LineFiveView.swift */,
				A34E6F932898AFC10012463C /* LineSixView.swift */,
				A34E6F972898AFC10012463C /* LineSevenView.swift */,
				A34E6F902898AFC10012463C /* LineEightView.swift */,
				A39DCA2C2899095B00974FBF /* LineDetailView.swift */,
				A34E6F922898AFC10012463C /* LineView.swift */,
				A37E532E2890FE5D00E27BAD /* Assets.xcassets */,
				A37E53302890FE5D00E27BAD /* Preview Content */,
				A37E5385289127BD00E27BAD /* res */,
				9AAE3999292257C9008BB23D /* SignUpView.swift */,
			);
			path = i3_project;
			sourceTree = "<group>";
		};
		A37E53302890FE5D00E27BAD /* Preview Content */ = {
			isa = PBXGroup;
			children = (
				A37E53312890FE5D00E27BAD /* Preview Assets.xcassets */,
			);
			path = "Preview Content";
			sourceTree = "<group>";
		};
/* End PBXGroup section */

/* Begin PBXNativeTarget section */
		A37E53262890FE5C00E27BAD /* Subway Boom */ = {
			isa = PBXNativeTarget;
			buildConfigurationList = A37E53352890FE5D00E27BAD /* Build configuration list for PBXNativeTarget "Subway Boom" */;
			buildPhases = (
				A37E53232890FE5C00E27BAD /* Sources */,
				A37E53242890FE5C00E27BAD /* Frameworks */,
				A37E53252890FE5C00E27BAD /* Resources */,
			);
			buildRules = (
			);
			dependencies = (
			);
			name = "Subway Boom";
			packageProductDependencies = (
			);
			productName = i3_project;
			productReference = A37E53272890FE5C00E27BAD /* Subway Boom.app */;
			productType = "com.apple.product-type.application";
		};
/* End PBXNativeTarget section */

/* Begin PBXProject section */
		A37E531F2890FE5C00E27BAD /* Project object */ = {
			isa = PBXProject;
			attributes = {
				BuildIndependentTargetsInParallel = 1;
				LastSwiftUpdateCheck = 1340;
				LastUpgradeCheck = 1340;
				TargetAttributes = {
					A37E53262890FE5C00E27BAD = {
						CreatedOnToolsVersion = 13.4.1;
					};
				};
			};
			buildConfigurationList = A37E53222890FE5C00E27BAD /* Build configuration list for PBXProject "i3_project" */;
			compatibilityVersion = "Xcode 13.0";
			developmentRegion = en;
			hasScannedForEncodings = 0;
			knownRegions = (
				en,
				Base,
			);
			mainGroup = A37E531E2890FE5C00E27BAD;
			packageReferences = (
			);
			productRefGroup = A37E53282890FE5C00E27BAD /* Products */;
			projectDirPath = "";
			projectRoot = "";
			targets = (
				A37E53262890FE5C00E27BAD /* Subway Boom */,
			);
		};
/* End PBXProject section */

/* Begin PBXResourcesBuildPhase section */
		A37E53252890FE5C00E27BAD /* Resources */ = {
			isa = PBXResourcesBuildPhase;
			buildActionMask = 2147483647;
			files = (
				A37E5386289127BD00E27BAD /* res in Resources */,
				A355E7AA289A5F3600F7ED22 /* GoogleService-Info.plist in Resources */,
				A37E53322890FE5D00E27BAD /* Preview Assets.xcassets in Resources */,
				A37E532F2890FE5D00E27BAD /* Assets.xcassets in Resources */,
			);
			runOnlyForDeploymentPostprocessing = 0;
		};
/* End PBXResourcesBuildPhase section */

/* Begin PBXSourcesBuildPhase section */
		A37E53232890FE5C00E27BAD /* Sources */ = {
			isa = PBXSourcesBuildPhase;
			buildActionMask = 2147483647;
			files = (
				A30DED152898F69C0003730D /* SearchBar.swift in Sources */,
				0DD627CE2935BACF003EE316 /* FavoriteView.swift in Sources */,
				0DC4FB0A293C688B000DB91A /* getData.swift in Sources */,
				A39DCA2B2899094100974FBF /* i3_projectApp.swift in Sources */,
				A34E6F9D2898AFC10012463C /* LineOneView.swift in Sources */,
				A34E6F9C2898AFC10012463C /* LineEightView.swift in Sources */,
				A39DCA2D2899095B00974FBF /* LineDetailView.swift in Sources */,
				A34E6FA02898AFC10012463C /* LineFourView.swift in Sources */,
				A34E6F9E2898AFC10012463C /* LineView.swift in Sources */,
				A34E6FA12898AFC10012463C /* Line.swift in Sources */,
				0DC4FB0C293C68A5000DB91A /* LoginView.swift in Sources */,
				A34E6FA32898AFC10012463C /* LineSevenView.swift in Sources */,
				A34E6F9B2898AFC10012463C /* LineThreeView.swift in Sources */,
				9AAE399A292257C9008BB23D /* SignUpView.swift in Sources */,
				A34E6F9F2898AFC10012463C /* LineSixView.swift in Sources */,
				A34E6FA62898AFC10012463C /* LineFiveView.swift in Sources */,
				A34E6FA22898AFC10012463C /* LineTwoView.swift in Sources */,
			);
			runOnlyForDeploymentPostprocessing = 0;
		};
/* End PBXSourcesBuildPhase section */

/* Begin XCBuildConfiguration section */
		A37E53332890FE5D00E27BAD /* Debug */ = {
			isa = XCBuildConfiguration;
			buildSettings = {
				ALWAYS_SEARCH_USER_PATHS = NO;
				CLANG_ANALYZER_NONNULL = YES;
				CLANG_ANALYZER_NUMBER_OBJECT_CONVERSION = YES_AGGRESSIVE;
				CLANG_CXX_LANGUAGE_STANDARD = "gnu++17";
				CLANG_ENABLE_MODULES = YES;
				CLANG_ENABLE_OBJC_ARC = YES;
				CLANG_ENABLE_OBJC_WEAK = YES;
				CLANG_WARN_BLOCK_CAPTURE_AUTORELEASING = YES;
				CLANG_WARN_BOOL_CONVERSION = YES;
				CLANG_WARN_COMMA = YES;
				CLANG_WARN_CONSTANT_CONVERSION = YES;
				CLANG_WARN_DEPRECATED_OBJC_IMPLEMENTATIONS = YES;
				CLANG_WARN_DIRECT_OBJC_ISA_USAGE = YES_ERROR;
				CLANG_WARN_DOCUMENTATION_COMMENTS = YES;
				CLANG_WARN_EMPTY_BODY = YES;
				CLANG_WARN_ENUM_CONVERSION = YES;
				CLANG_WARN_INFINITE_RECURSION = YES;
				CLANG_WARN_INT_CONVERSION = YES;
				CLANG_WARN_NON_LITERAL_NULL_CONVERSION = YES;
				CLANG_WARN_OBJC_IMPLICIT_RETAIN_SELF = YES;
				CLANG_WARN_OBJC_LITERAL_CONVERSION = YES;
				CLANG_WARN_OBJC_ROOT_CLASS = YES_ERROR;
				CLANG_WARN_QUOTED_INCLUDE_IN_FRAMEWORK_HEADER = YES;
				CLANG_WARN_RANGE_LOOP_ANALYSIS = YES;
				CLANG_WARN_STRICT_PROTOTYPES = YES;
				CLANG_WARN_SUSPICIOUS_MOVE = YES;
				CLANG_WARN_UNGUARDED_AVAILABILITY = YES_AGGRESSIVE;
				CLANG_WARN_UNREACHABLE_CODE = YES;
				CLANG_WARN__DUPLICATE_METHOD_MATCH = YES;
				COPY_PHASE_STRIP = NO;
				DEBUG_INFORMATION_FORMAT = dwarf;
				ENABLE_STRICT_OBJC_MSGSEND = YES;
				ENABLE_TESTABILITY = YES;
				GCC_C_LANGUAGE_STANDARD = gnu11;
				GCC_DYNAMIC_NO_PIC = NO;
				GCC_NO_COMMON_BLOCKS = YES;
				GCC_OPTIMIZATION_LEVEL = 0;
				GCC_PREPROCESSOR_DEFINITIONS = (
					"DEBUG=1",
					"$(inherited)",
				);
				GCC_WARN_64_TO_32_BIT_CONVERSION = YES;
				GCC_WARN_ABOUT_RETURN_TYPE = YES_ERROR;
				GCC_WARN_UNDECLARED_SELECTOR = YES;
				GCC_WARN_UNINITIALIZED_AUTOS = YES_AGGRESSIVE;
				GCC_WARN_UNUSED_FUNCTION = YES;
				GCC_WARN_UNUSED_VARIABLE = YES;
				IPHONEOS_DEPLOYMENT_TARGET = 15.2;
				MTL_ENABLE_DEBUG_INFO = INCLUDE_SOURCE;
				MTL_FAST_MATH = YES;
				ONLY_ACTIVE_ARCH = YES;
				SDKROOT = iphoneos;
				SWIFT_ACTIVE_COMPILATION_CONDITIONS = DEBUG;
				SWIFT_OPTIMIZATION_LEVEL = "-Onone";
			};
			name = Debug;
		};
		A37E53342890FE5D00E27BAD /* Release */ = {
			isa = XCBuildConfiguration;
			buildSettings = {
				ALWAYS_SEARCH_USER_PATHS = NO;
				CLANG_ANALYZER_NONNULL = YES;
				CLANG_ANALYZER_NUMBER_OBJECT_CONVERSION = YES_AGGRESSIVE;
				CLANG_CXX_LANGUAGE_STANDARD = "gnu++17";
				CLANG_ENABLE_MODULES = YES;
				CLANG_ENABLE_OBJC_ARC = YES;
				CLANG_ENABLE_OBJC_WEAK = YES;
				CLANG_WARN_BLOCK_CAPTURE_AUTORELEASING = YES;
				CLANG_WARN_BOOL_CONVERSION = YES;
				CLANG_WARN_COMMA = YES;
				CLANG_WARN_CONSTANT_CONVERSION = YES;
				CLANG_WARN_DEPRECATED_OBJC_IMPLEMENTATIONS = YES;
				CLANG_WARN_DIRECT_OBJC_ISA_USAGE = YES_ERROR;
				CLANG_WARN_DOCUMENTATION_COMMENTS = YES;
				CLANG_WARN_EMPTY_BODY = YES;
				CLANG_WARN_ENUM_CONVERSION = YES;
				CLANG_WARN_INFINITE_RECURSION = YES;
				CLANG_WARN_INT_CONVERSION = YES;
				CLANG_WARN_NON_LITERAL_NULL_CONVERSION = YES;
				CLANG_WARN_OBJC_IMPLICIT_RETAIN_SELF = YES;
				CLANG_WARN_OBJC_LITERAL_CONVERSION = YES;
				CLANG_WARN_OBJC_ROOT_CLASS = YES_ERROR;
				CLANG_WARN_QUOTED_INCLUDE_IN_FRAMEWORK_HEADER = YES;
				CLANG_WARN_RANGE_LOOP_ANALYSIS = YES;
				CLANG_WARN_STRICT_PROTOTYPES = YES;
				CLANG_WARN_SUSPICIOUS_MOVE = YES;
				CLANG_WARN_UNGUARDED_AVAILABILITY = YES_AGGRESSIVE;
				CLANG_WARN_UNREACHABLE_CODE = YES;
				CLANG_WARN__DUPLICATE_METHOD_MATCH = YES;
				COPY_PHASE_STRIP = NO;
				DEBUG_INFORMATION_FORMAT = "dwarf-with-dsym";
				ENABLE_NS_ASSERTIONS = NO;
				ENABLE_STRICT_OBJC_MSGSEND = YES;
				GCC_C_LANGUAGE_STANDARD = gnu11;
				GCC_NO_COMMON_BLOCKS = YES;
				GCC_WARN_64_TO_32_BIT_CONVERSION = YES;
				GCC_WARN_ABOUT_RETURN_TYPE = YES_ERROR;
				GCC_WARN_UNDECLARED_SELECTOR = YES;
				GCC_WARN_UNINITIALIZED_AUTOS = YES_AGGRESSIVE;
				GCC_WARN_UNUSED_FUNCTION = YES;
				GCC_WARN_UNUSED_VARIABLE = YES;
				IPHONEOS_DEPLOYMENT_TARGET = 15.2;
				MTL_ENABLE_DEBUG_INFO = NO;
				MTL_FAST_MATH = YES;
				SDKROOT = iphoneos;
				SWIFT_COMPILATION_MODE = wholemodule;
				SWIFT_OPTIMIZATION_LEVEL = "-O";
				VALIDATE_PRODUCT = YES;
			};
			name = Release;
		};
		A37E53362890FE5D00E27BAD /* Debug */ = {
			isa = XCBuildConfiguration;
			buildSettings = {
				ASSETCATALOG_COMPILER_APPICON_NAME = AppIcon;
				ASSETCATALOG_COMPILER_GLOBAL_ACCENT_COLOR_NAME = AccentColor;
				CODE_SIGN_ENTITLEMENTS = "Subway Boom.entitlements";
				CODE_SIGN_STYLE = Automatic;
				CURRENT_PROJECT_VERSION = 1;
				DEVELOPMENT_ASSET_PATHS = "\"i3_project/Preview Content\"";
				ENABLE_PREVIEWS = YES;
				GENERATE_INFOPLIST_FILE = YES;
				INFOPLIST_KEY_UIApplicationSceneManifest_Generation = YES;
				INFOPLIST_KEY_UIApplicationSupportsIndirectInputEvents = YES;
				INFOPLIST_KEY_UILaunchScreen_Generation = YES;
				INFOPLIST_KEY_UISupportedInterfaceOrientations_iPad = "UIInterfaceOrientationPortrait UIInterfaceOrientationPortraitUpsideDown UIInterfaceOrientationLandscapeLeft UIInterfaceOrientationLandscapeRight";
				INFOPLIST_KEY_UISupportedInterfaceOrientations_iPhone = "UIInterfaceOrientationPortrait UIInterfaceOrientationLandscapeLeft UIInterfaceOrientationLandscapeRight";
				LD_RUNPATH_SEARCH_PATHS = (
					"$(inherited)",
					"@executable_path/Frameworks",
				);
				MARKETING_VERSION = 1.0;
				PRODUCT_BUNDLE_IDENTIFIER = "jisssuu.i3-project";
				PRODUCT_NAME = "$(TARGET_NAME)";
				SWIFT_EMIT_LOC_STRINGS = YES;
				SWIFT_VERSION = 5.0;
				TARGETED_DEVICE_FAMILY = "1,2";
			};
			name = Debug;
		};
		A37E53372890FE5D00E27BAD /* Release */ = {
			isa = XCBuildConfiguration;
			buildSettings = {
				ASSETCATALOG_COMPILER_APPICON_NAME = AppIcon;
				ASSETCATALOG_COMPILER_GLOBAL_ACCENT_COLOR_NAME = AccentColor;
				CODE_SIGN_ENTITLEMENTS = "Subway Boom.entitlements";
				CODE_SIGN_STYLE = Automatic;
				CURRENT_PROJECT_VERSION = 1;
				DEVELOPMENT_ASSET_PATHS = "\"i3_project/Preview Content\"";
				ENABLE_PREVIEWS = YES;
				GENERATE_INFOPLIST_FILE = YES;
				INFOPLIST_KEY_UIApplicationSceneManifest_Generation = YES;
				INFOPLIST_KEY_UIApplicationSupportsIndirectInputEvents = YES;
				INFOPLIST_KEY_UILaunchScreen_Generation = YES;
				INFOPLIST_KEY_UISupportedInterfaceOrientations_iPad = "UIInterfaceOrientationPortrait UIInterfaceOrientationPortraitUpsideDown UIInterfaceOrientationLandscapeLeft UIInterfaceOrientationLandscapeRight";
				INFOPLIST_KEY_UISupportedInterfaceOrientations_iPhone = "UIInterfaceOrientationPortrait UIInterfaceOrientationLandscapeLeft UIInterfaceOrientationLandscapeRight";
				LD_RUNPATH_SEARCH_PATHS = (
					"$(inherited)",
					"@executable_path/Frameworks",
				);
				MARKETING_VERSION = 1.0;
				PRODUCT_BUNDLE_IDENTIFIER = "jisssuu.i3-project";
				PRODUCT_NAME = "$(TARGET_NAME)";
				SWIFT_EMIT_LOC_STRINGS = YES;
				SWIFT_VERSION = 5.0;
				TARGETED_DEVICE_FAMILY = "1,2";
			};
			name = Release;
		};
/* End XCBuildConfiguration section */

/* Begin XCConfigurationList section */
		A37E53222890FE5C00E27BAD /* Build configuration list for PBXProject "i3_project" */ = {
			isa = XCConfigurationList;
			buildConfigurations = (
				A37E53332890FE5D00E27BAD /* Debug */,
				A37E53342890FE5D00E27BAD /* Release */,
			);
			defaultConfigurationIsVisible = 0;
			defaultConfigurationName = Release;
		};
		A37E53352890FE5D00E27BAD /* Build configuration list for PBXNativeTarget "Subway Boom" */ = {
			isa = XCConfigurationList;
			buildConfigurations = (
				A37E53362890FE5D00E27BAD /* Debug */,
				A37E53372890FE5D00E27BAD /* Release */,
			);
			defaultConfigurationIsVisible = 0;
			defaultConfigurationName = Release;
		};
/* End XCConfigurationList section */
	};
	rootObject = A37E531F2890FE5C00E27BAD /* Project object */;
}
